
Microsoft Visual Studio Solution File, Format Version 12.00
# Visual Studio Version 16
VisualStudioVersion = 16.0.30717.126
MinimumVisualStudioVersion = 10.0.40219.1
Project("{FAE04EC0-301F-11D3-BF4B-00C04F79EFBC}") = "kursachBD", "kursachBD\kursachBD.csproj", "{BD600793-55BB-4D2B-A5A9-F407B5E445DC}"
EndProject
Global
	GlobalSection(SolutionConfigurationPlatforms) = preSolution
		Debug|Any CPU = Debug|Any CPU
		Release|Any CPU = Release|Any CPU
	EndGlobalSection
	GlobalSection(ProjectConfigurationPlatforms) = postSolution
		{BD600793-55BB-4D2B-A5A9-F407B5E445DC}.Debug|Any CPU.ActiveCfg = Debug|Any CPU
		{BD600793-55BB-4D2B-A5A9-F407B5E445DC}.Debug|Any CPU.Build.0 = Debug|Any CPU
		{BD600793-55BB-4D2B-A5A9-F407B5E445DC}.Release|Any CPU.ActiveCfg = Release|Any CPU
		{BD600793-55BB-4D2B-A5A9-F407B5E445DC}.Release|Any CPU.Build.0 = Release|Any CPU
	EndGlobalSection
	GlobalSection(SolutionProperties) = preSolution
		HideSolutionNode = FALSE
	EndGlobalSection
	GlobalSection(ExtensibilityGlobals) = postSolution
		SolutionGuid = {66F71937-655F-4664-9EAC-DAC79AF5FE17}
	EndGlobalSection
EndGlobal
